
Microsoft Visual Studio Solution File, Format Version 12.00
# Visual Studio 2012
Project("{FAE04EC0-301F-11D3-BF4B-00C04F79EFBC}") = "SACAAE", "SACAAE\SACAAE.csproj", "{5E80F9C8-668D-46C7-ADC6-DF7741F5307B}"
EndProject
Project("{FAE04EC0-301F-11D3-BF4B-00C04F79EFBC}") = "SACAAE.Tests", "SACAAE.Tests\SACAAE.Tests.csproj", "{FD5F3527-8D28-4E83-B172-7F174F2433BD}"
EndProject
Global
	GlobalSection(SolutionConfigurationPlatforms) = preSolution
		Debug|Any CPU = Debug|Any CPU
		Release|Any CPU = Release|Any CPU
	EndGlobalSection
	GlobalSection(ProjectConfigurationPlatforms) = postSolution
		{5E80F9C8-668D-46C7-ADC6-DF7741F5307B}.Debug|Any CPU.ActiveCfg = Debug|Any CPU
		{5E80F9C8-668D-46C7-ADC6-DF7741F5307B}.Debug|Any CPU.Build.0 = Debug|Any CPU
		{5E80F9C8-668D-46C7-ADC6-DF7741F5307B}.Release|Any CPU.ActiveCfg = Release|Any CPU
		{5E80F9C8-668D-46C7-ADC6-DF7741F5307B}.Release|Any CPU.Build.0 = Release|Any CPU
		{FD5F3527-8D28-4E83-B172-7F174F2433BD}.Debug|Any CPU.ActiveCfg = Debug|Any CPU
		{FD5F3527-8D28-4E83-B172-7F174F2433BD}.Debug|Any CPU.Build.0 = Debug|Any CPU
		{FD5F3527-8D28-4E83-B172-7F174F2433BD}.Release|Any CPU.ActiveCfg = Release|Any CPU
		{FD5F3527-8D28-4E83-B172-7F174F2433BD}.Release|Any CPU.Build.0 = Release|Any CPU
	EndGlobalSection
	GlobalSection(SolutionProperties) = preSolution
		HideSolutionNode = FALSE
	EndGlobalSection
EndGlobal
